
Microsoft Visual Studio Solution File, Format Version 11.00
# Visual Studio 2010
Project("{FAE04EC0-301F-11D3-BF4B-00C04F79EFBC}") = "ToonyColorsPro.Runtime", "ToonyColorsPro.Runtime.csproj", "{8ed57866-14b7-7d62-04cb-bfb3d2e44994}"
EndProject
Project("{FAE04EC0-301F-11D3-BF4B-00C04F79EFBC}") = "ToonyColorsPro.Editor", "ToonyColorsPro.Editor.csproj", "{c867eae1-f593-b5b3-8d1b-9190dff60460}"
EndProject
Project("{FAE04EC0-301F-11D3-BF4B-00C04F79EFBC}") = "Assembly-CSharp", "Assembly-CSharp.csproj", "{bbb4628d-a32e-05bf-380f-858f8d2052b2}"
EndProject
Project("{FAE04EC0-301F-11D3-BF4B-00C04F79EFBC}") = "ToonyColorsPro2.Demo", "ToonyColorsPro2.Demo.csproj", "{cc13fbb0-d379-68cf-6008-7db1f3126460}"
EndProject
Global
	GlobalSection(SolutionConfigurationPlatforms) = preSolution
		Debug|Any CPU = Debug|Any CPU
	EndGlobalSection
	GlobalSection(ProjectConfigurationPlatforms) = postSolution
		{8ed57866-14b7-7d62-04cb-bfb3d2e44994}.Debug|Any CPU.ActiveCfg = Debug|Any CPU
		{8ed57866-14b7-7d62-04cb-bfb3d2e44994}.Debug|Any CPU.Build.0 = Debug|Any CPU
		{c867eae1-f593-b5b3-8d1b-9190dff60460}.Debug|Any CPU.ActiveCfg = Debug|Any CPU
		{c867eae1-f593-b5b3-8d1b-9190dff60460}.Debug|Any CPU.Build.0 = Debug|Any CPU
		{bbb4628d-a32e-05bf-380f-858f8d2052b2}.Debug|Any CPU.ActiveCfg = Debug|Any CPU
		{bbb4628d-a32e-05bf-380f-858f8d2052b2}.Debug|Any CPU.Build.0 = Debug|Any CPU
		{cc13fbb0-d379-68cf-6008-7db1f3126460}.Debug|Any CPU.ActiveCfg = Debug|Any CPU
		{cc13fbb0-d379-68cf-6008-7db1f3126460}.Debug|Any CPU.Build.0 = Debug|Any CPU
	EndGlobalSection
	GlobalSection(SolutionProperties) = preSolution
		HideSolutionNode = FALSE
	EndGlobalSection
EndGlobal
