
Microsoft Visual Studio Solution File, Format Version 11.00
# Visual Studio 2010
Project("{FAE04EC0-301F-11D3-BF4B-00C04F79EFBC}") = "ToonyColorsPro.Runtime", "ToonyColorsPro.Runtime.csproj", "{07fd3f5e-6b94-abc8-8b44-36af9737bd83}"
EndProject
Project("{FAE04EC0-301F-11D3-BF4B-00C04F79EFBC}") = "ToonyColorsPro.Editor", "ToonyColorsPro.Editor.csproj", "{ffd27168-237b-32b1-6c9b-0acb938c9ca5}"
EndProject
Project("{FAE04EC0-301F-11D3-BF4B-00C04F79EFBC}") = "Assembly-CSharp", "Assembly-CSharp.csproj", "{62d69032-3d92-5525-628d-8469c1d65bab}"
EndProject
Project("{FAE04EC0-301F-11D3-BF4B-00C04F79EFBC}") = "ToonyColorsPro2.Demo", "ToonyColorsPro2.Demo.csproj", "{437efe66-f70e-d837-6d0c-6a18d634ed03}"
EndProject
Project("{FAE04EC0-301F-11D3-BF4B-00C04F79EFBC}") = "Assembly-CSharp-Editor", "Assembly-CSharp-Editor.csproj", "{2a984655-e8d4-5de2-3322-3f0a362187cd}"
EndProject
Global
	GlobalSection(SolutionConfigurationPlatforms) = preSolution
		Debug|Any CPU = Debug|Any CPU
	EndGlobalSection
	GlobalSection(ProjectConfigurationPlatforms) = postSolution
		{07fd3f5e-6b94-abc8-8b44-36af9737bd83}.Debug|Any CPU.ActiveCfg = Debug|Any CPU
		{07fd3f5e-6b94-abc8-8b44-36af9737bd83}.Debug|Any CPU.Build.0 = Debug|Any CPU
		{ffd27168-237b-32b1-6c9b-0acb938c9ca5}.Debug|Any CPU.ActiveCfg = Debug|Any CPU
		{ffd27168-237b-32b1-6c9b-0acb938c9ca5}.Debug|Any CPU.Build.0 = Debug|Any CPU
		{62d69032-3d92-5525-628d-8469c1d65bab}.Debug|Any CPU.ActiveCfg = Debug|Any CPU
		{62d69032-3d92-5525-628d-8469c1d65bab}.Debug|Any CPU.Build.0 = Debug|Any CPU
		{437efe66-f70e-d837-6d0c-6a18d634ed03}.Debug|Any CPU.ActiveCfg = Debug|Any CPU
		{437efe66-f70e-d837-6d0c-6a18d634ed03}.Debug|Any CPU.Build.0 = Debug|Any CPU
		{2a984655-e8d4-5de2-3322-3f0a362187cd}.Debug|Any CPU.ActiveCfg = Debug|Any CPU
		{2a984655-e8d4-5de2-3322-3f0a362187cd}.Debug|Any CPU.Build.0 = Debug|Any CPU
	EndGlobalSection
	GlobalSection(SolutionProperties) = preSolution
		HideSolutionNode = FALSE
	EndGlobalSection
EndGlobal
